
Microsoft Visual Studio Solution File, Format Version 12.00
# Visual Studio Version 17
VisualStudioVersion = 17.11.35431.28
MinimumVisualStudioVersion = 10.0.40219.1
Project("{888888A0-9F3D-457C-B088-3A5042F75D52}") = "YKATool", "YKATool.pyproj", "{5AD3ED7F-4257-43B0-AC25-69D7E60752CD}"
EndProject
Global
	GlobalSection(SolutionConfigurationPlatforms) = preSolution
		Debug|Any CPU = Debug|Any CPU
		Release|Any CPU = Release|Any CPU
	EndGlobalSection
	GlobalSection(ProjectConfigurationPlatforms) = postSolution
		{5AD3ED7F-4257-43B0-AC25-69D7E60752CD}.Debug|Any CPU.ActiveCfg = Debug|Any CPU
		{5AD3ED7F-4257-43B0-AC25-69D7E60752CD}.Release|Any CPU.ActiveCfg = Release|Any CPU
	EndGlobalSection
	GlobalSection(SolutionProperties) = preSolution
		HideSolutionNode = FALSE
	EndGlobalSection
	GlobalSection(ExtensibilityGlobals) = postSolution
		SolutionGuid = {A4E17225-F31B-4D91-A053-75942EEBAEBA}
	EndGlobalSection
EndGlobal
